Microsoft Visual Studio Solution File, Format Version 12.00
# Visual Studio Version 17
VisualStudioVersion = 17.5.2.0
MinimumVisualStudioVersion = 10.0.40219.1
Project("{FAE04EC0-301F-11D3-BF4B-00C04F79EFBC}") = "registrations-api.Tests", "registrations-api.Tests.csproj", "{5E5DABC4-00D1-6CBE-206E-3848F1858016}"
EndProject
Global
	GlobalSection(SolutionConfigurationPlatforms) = preSolution
		Debug|Any CPU = Debug|Any CPU
		Release|Any CPU = Release|Any CPU
	EndGlobalSection
	GlobalSection(ProjectConfigurationPlatforms) = postSolution
		{5E5DABC4-00D1-6CBE-206E-3848F1858016}.Debug|Any CPU.ActiveCfg = Debug|Any CPU
		{5E5DABC4-00D1-6CBE-206E-3848F1858016}.Debug|Any CPU.Build.0 = Debug|Any CPU
		{5E5DABC4-00D1-6CBE-206E-3848F1858016}.Release|Any CPU.ActiveCfg = Release|Any CPU
		{5E5DABC4-00D1-6CBE-206E-3848F1858016}.Release|Any CPU.Build.0 = Release|Any CPU
	EndGlobalSection
	GlobalSection(SolutionProperties) = preSolution
		HideSolutionNode = FALSE
	EndGlobalSection
	GlobalSection(ExtensibilityGlobals) = postSolution
		SolutionGuid = {1B23DC17-0848-47B7-8776-95A2EF2F114D}
	EndGlobalSection
EndGlobal
